
Microsoft Visual Studio Solution File, Format Version 12.00
# Visual Studio 15
VisualStudioVersion = 15.0.27004.2010
MinimumVisualStudioVersion = 10.0.40219.1
Project("{FAE04EC0-301F-11D3-BF4B-00C04F79EFBC}") = "MultiLanguagePlugin", "MultiLanguagePlugin\MultiLanguagePlugin.csproj", "{364D658F-03B9-4DE4-851F-E4E7E102B1F3}"
EndProject
Project("{FAE04EC0-301F-11D3-BF4B-00C04F79EFBC}") = "TestApp", "TestApp\TestApp.csproj", "{493A827F-6384-4975-96AA-2F38FA70DE40}"
EndProject
Global
	GlobalSection(SolutionConfigurationPlatforms) = preSolution
		Debug|Any CPU = Debug|Any CPU
		Release|Any CPU = Release|Any CPU
	EndGlobalSection
	GlobalSection(ProjectConfigurationPlatforms) = postSolution
		{364D658F-03B9-4DE4-851F-E4E7E102B1F3}.Debug|Any CPU.ActiveCfg = Debug|Any CPU
		{364D658F-03B9-4DE4-851F-E4E7E102B1F3}.Debug|Any CPU.Build.0 = Debug|Any CPU
		{364D658F-03B9-4DE4-851F-E4E7E102B1F3}.Release|Any CPU.ActiveCfg = Release|Any CPU
		{364D658F-03B9-4DE4-851F-E4E7E102B1F3}.Release|Any CPU.Build.0 = Release|Any CPU
		{493A827F-6384-4975-96AA-2F38FA70DE40}.Debug|Any CPU.ActiveCfg = Debug|Any CPU
		{493A827F-6384-4975-96AA-2F38FA70DE40}.Debug|Any CPU.Build.0 = Debug|Any CPU
		{493A827F-6384-4975-96AA-2F38FA70DE40}.Release|Any CPU.ActiveCfg = Release|Any CPU
		{493A827F-6384-4975-96AA-2F38FA70DE40}.Release|Any CPU.Build.0 = Release|Any CPU
	EndGlobalSection
	GlobalSection(SolutionProperties) = preSolution
		HideSolutionNode = FALSE
	EndGlobalSection
	GlobalSection(ExtensibilityGlobals) = postSolution
		SolutionGuid = {7F556890-D31C-4E66-92ED-7E2DCB5325ED}
	EndGlobalSection
EndGlobal
