
Microsoft Visual Studio Solution File, Format Version 12.00
# Visual Studio 15
VisualStudioVersion = 15.0.26430.12
MinimumVisualStudioVersion = 10.0.40219.1
Project("{FAE04EC0-301F-11D3-BF4B-00C04F79EFBC}") = "DemoCodeNoProxy", "DemoCodeNoProxy\DemoCodeNoProxy.csproj", "{B7A8D99A-F681-461D-B87B-3C9C13BB39CA}"
EndProject
Global
	GlobalSection(SolutionConfigurationPlatforms) = preSolution
		Debug|Any CPU = Debug|Any CPU
		Release|Any CPU = Release|Any CPU
	EndGlobalSection
	GlobalSection(ProjectConfigurationPlatforms) = postSolution
		{B7A8D99A-F681-461D-B87B-3C9C13BB39CA}.Debug|Any CPU.ActiveCfg = Debug|Any CPU
		{B7A8D99A-F681-461D-B87B-3C9C13BB39CA}.Debug|Any CPU.Build.0 = Debug|Any CPU
		{B7A8D99A-F681-461D-B87B-3C9C13BB39CA}.Release|Any CPU.ActiveCfg = Release|Any CPU
		{B7A8D99A-F681-461D-B87B-3C9C13BB39CA}.Release|Any CPU.Build.0 = Release|Any CPU
	EndGlobalSection
	GlobalSection(SolutionProperties) = preSolution
		HideSolutionNode = FALSE
	EndGlobalSection
EndGlobal
