
Microsoft Visual Studio Solution File, Format Version 12.00
# Visual Studio 15
VisualStudioVersion = 15.0.26430.16
MinimumVisualStudioVersion = 10.0.40219.1
Project("{FAE04EC0-301F-11D3-BF4B-00C04F79EFBC}") = "TransactionTest", "TransactionTest\TransactionTest.csproj", "{FD02B9AF-7554-41CA-B2BA-AF1CC8919103}"
EndProject
Project("{FAE04EC0-301F-11D3-BF4B-00C04F79EFBC}") = "TransactionPlugin", "TransactionPlugin\TransactionPlugin.csproj", "{15DB4AC4-1D60-4282-AA36-8726DCF2E55D}"
EndProject
Global
	GlobalSection(SolutionConfigurationPlatforms) = preSolution
		Debug|Any CPU = Debug|Any CPU
		Release|Any CPU = Release|Any CPU
	EndGlobalSection
	GlobalSection(ProjectConfigurationPlatforms) = postSolution
		{FD02B9AF-7554-41CA-B2BA-AF1CC8919103}.Debug|Any CPU.ActiveCfg = Debug|Any CPU
		{FD02B9AF-7554-41CA-B2BA-AF1CC8919103}.Debug|Any CPU.Build.0 = Debug|Any CPU
		{FD02B9AF-7554-41CA-B2BA-AF1CC8919103}.Release|Any CPU.ActiveCfg = Release|Any CPU
		{FD02B9AF-7554-41CA-B2BA-AF1CC8919103}.Release|Any CPU.Build.0 = Release|Any CPU
		{15DB4AC4-1D60-4282-AA36-8726DCF2E55D}.Debug|Any CPU.ActiveCfg = Debug|Any CPU
		{15DB4AC4-1D60-4282-AA36-8726DCF2E55D}.Debug|Any CPU.Build.0 = Debug|Any CPU
		{15DB4AC4-1D60-4282-AA36-8726DCF2E55D}.Release|Any CPU.ActiveCfg = Release|Any CPU
		{15DB4AC4-1D60-4282-AA36-8726DCF2E55D}.Release|Any CPU.Build.0 = Release|Any CPU
	EndGlobalSection
	GlobalSection(SolutionProperties) = preSolution
		HideSolutionNode = FALSE
	EndGlobalSection
EndGlobal
